// !$*UTF8*$!
{
	archiveVersion = 1;
	classes = {
	};
	objectVersion = 48;
	objects = {

/* Begin PBXBuildFile section */
		95A0DD4220584DB7001E6B65 /* AppDelegate.swift in Sources */ = {isa = PBXBuildFile; fileRef = 95A0DD4120584DB7001E6B65 /* AppDelegate.swift */; };
		95A0DD4420584DB7001E6B65 /* ViewController.swift in Sources */ = {isa = PBXBuildFile; fileRef = 95A0DD4320584DB7001E6B65 /* ViewController.swift */; };
		95A0DD4720584DB7001E6B65 /* Main.storyboard in Resources */ = {isa = PBXBuildFile; fileRef = 95A0DD4520584DB7001E6B65 /* Main.storyboard */; };
		95A0DD4A20584DB7001E6B65 /* accidental_iOS.xcdatamodeld in Sources */ = {isa = PBXBuildFile; fileRef = 95A0DD4820584DB7001E6B65 /* accidental_iOS.xcdatamodeld */; };
		95A0DD4C20584DB7001E6B65 /* Assets.xcassets in Resources */ = {isa = PBXBuildFile; fileRef = 95A0DD4B20584DB7001E6B65 /* Assets.xcassets */; };
		95A0DD4F20584DB7001E6B65 /* LaunchScreen.storyboard in Resources */ = {isa = PBXBuildFile; fileRef = 95A0DD4D20584DB7001E6B65 /* LaunchScreen.storyboard */; };
		95A0DD562058505C001E6B65 /* Pods_accidental_iOS.framework in Frameworks */ = {isa = PBXBuildFile; fileRef = 621720D983E9B0A696915F93 /* Pods_accidental_iOS.framework */; };
		95A0DD6020585C81001E6B65 /* SignupViewController.swift in Sources */ = {isa = PBXBuildFile; fileRef = 95A0DD5F20585C81001E6B65 /* SignupViewController.swift */; };
		95A0DD6220587C5E001E6B65 /* LoginViewController.swift in Sources */ = {isa = PBXBuildFile; fileRef = 95A0DD6120587C5E001E6B65 /* LoginViewController.swift */; };
		95A0DD6520596F8F001E6B65 /* ApiManager.swift in Sources */ = {isa = PBXBuildFile; fileRef = 95A0DD6420596F8F001E6B65 /* ApiManager.swift */; };
		95A0DD6720597EE6001E6B65 /* ProfileViewController.swift in Sources */ = {isa = PBXBuildFile; fileRef = 95A0DD6620597EE6001E6B65 /* ProfileViewController.swift */; };
		95A0DD6D2059B5C2001E6B65 /* UserManager.swift in Sources */ = {isa = PBXBuildFile; fileRef = 95A0DD6C2059B5C2001E6B65 /* UserManager.swift */; };
		95A0DD6F2059B619001E6B65 /* User.swift in Sources */ = {isa = PBXBuildFile; fileRef = 95A0DD6E2059B619001E6B65 /* User.swift */; };
		95EBCD612059DF2D00690AB2 /* Login.storyboard in Resources */ = {isa = PBXBuildFile; fileRef = 95EBCD602059DF2D00690AB2 /* Login.storyboard */; };
		95EBCD67205A20CE00690AB2 /* car.swift in Sources */ = {isa = PBXBuildFile; fileRef = 95EBCD66205A20CE00690AB2 /* car.swift */; };
		95EBCD6B205A282500690AB2 /* DetailsViewController.swift in Sources */ = {isa = PBXBuildFile; fileRef = 95EBCD6A205A282500690AB2 /* DetailsViewController.swift */; };
/* End PBXBuildFile section */

/* Begin PBXFileReference section */
		40BC7A7CDC39DF71CA2535BB /* Pods-accidental-iOS.debug.xcconfig */ = {isa = PBXFileReference; includeInIndex = 1; lastKnownFileType = text.xcconfig; name = "Pods-accidental-iOS.debug.xcconfig"; path = "Pods/Target Support Files/Pods-accidental-iOS/Pods-accidental-iOS.debug.xcconfig"; sourceTree = "<group>"; };
		621720D983E9B0A696915F93 /* Pods_accidental_iOS.framework */ = {isa = PBXFileReference; explicitFileType = wrapper.framework; includeInIndex = 0; path = Pods_accidental_iOS.framework; sourceTree = BUILT_PRODUCTS_DIR; };
		95A0DD3E20584DB7001E6B65 /* accidental-iOS.app */ = {isa = PBXFileReference; explicitFileType = wrapper.application; includeInIndex = 0; path = "accidental-iOS.app"; sourceTree = BUILT_PRODUCTS_DIR; };
		95A0DD4120584DB7001E6B65 /* AppDelegate.swift */ = {isa = PBXFileReference; lastKnownFileType = sourcecode.swift; path = AppDelegate.swift; sourceTree = "<group>"; };
		95A0DD4320584DB7001E6B65 /* ViewController.swift */ = {isa = PBXFileReference; lastKnownFileType = sourcecode.swift; path = ViewController.swift; sourceTree = "<group>"; };
		95A0DD4620584DB7001E6B65 /* Base */ = {isa = PBXFileReference; lastKnownFileType = file.storyboard; name = Base; path = Base.lproj/Main.storyboard; sourceTree = "<group>"; };
		95A0DD4920584DB7001E6B65 /* accidental_iOS.xcdatamodel */ = {isa = PBXFileReference; lastKnownFileType = wrapper.xcdatamodel; path = accidental_iOS.xcdatamodel; sourceTree = "<group>"; };
		95A0DD4B20584DB7001E6B65 /* Assets.xcassets */ = {isa = PBXFileReference; lastKnownFileType = folder.assetcatalog; path = Assets.xcassets; sourceTree = "<group>"; };
		95A0DD4E20584DB7001E6B65 /* Base */ = {isa = PBXFileReference; lastKnownFileType = file.storyboard; name = Base; path = Base.lproj/LaunchScreen.storyboard; sourceTree = "<group>"; };
		95A0DD5020584DB7001E6B65 /* Info.plist */ = {isa = PBXFileReference; lastKnownFileType = text.plist.xml; path = Info.plist; sourceTree = "<group>"; };
		95A0DD5F20585C81001E6B65 /* SignupViewController.swift */ = {isa = PBXFileReference; lastKnownFileType = sourcecode.swift; path = SignupViewController.swift; sourceTree = "<group>"; };
		95A0DD6120587C5E001E6B65 /* LoginViewController.swift */ = {isa = PBXFileReference; lastKnownFileType = sourcecode.swift; path = LoginViewController.swift; sourceTree = "<group>"; };
		95A0DD6420596F8F001E6B65 /* ApiManager.swift */ = {isa = PBXFileReference; lastKnownFileType = sourcecode.swift; path = ApiManager.swift; sourceTree = "<group>"; };
		95A0DD6620597EE6001E6B65 /* ProfileViewController.swift */ = {isa = PBXFileReference; lastKnownFileType = sourcecode.swift; path = ProfileViewController.swift; sourceTree = "<group>"; };
		95A0DD6C2059B5C2001E6B65 /* UserManager.swift */ = {isa = PBXFileReference; lastKnownFileType = sourcecode.swift; path = UserManager.swift; sourceTree = "<group>"; };
		95A0DD6E2059B619001E6B65 /* User.swift */ = {isa = PBXFileReference; lastKnownFileType = sourcecode.swift; path = User.swift; sourceTree = "<group>"; };
		95EBCD602059DF2D00690AB2 /* Login.storyboard */ = {isa = PBXFileReference; fileEncoding = 4; lastKnownFileType = file.storyboard; path = Login.storyboard; sourceTree = "<group>"; };
		95EBCD66205A20CE00690AB2 /* car.swift */ = {isa = PBXFileReference; lastKnownFileType = sourcecode.swift; path = car.swift; sourceTree = "<group>"; };
		95EBCD6A205A282500690AB2 /* DetailsViewController.swift */ = {isa = PBXFileReference; lastKnownFileType = sourcecode.swift; path = DetailsViewController.swift; sourceTree = "<group>"; };
		9DB4A59A490209AA2A258A89 /* Pods-accidental-iOS.release.xcconfig */ = {isa = PBXFileReference; includeInIndex = 1; lastKnownFileType = text.xcconfig; name = "Pods-accidental-iOS.release.xcconfig"; path = "Pods/Target Support Files/Pods-accidental-iOS/Pods-accidental-iOS.release.xcconfig"; sourceTree = "<group>"; };
/* End PBXFileReference section */

/* Begin PBXFrameworksBuildPhase section */
		95A0DD3B20584DB7001E6B65 /* Frameworks */ = {
			isa = PBXFrameworksBuildPhase;
			buildActionMask = 2147483647;
			files = (
				95A0DD562058505C001E6B65 /* Pods_accidental_iOS.framework in Frameworks */,
			);
			runOnlyForDeploymentPostprocessing = 0;
		};
/* End PBXFrameworksBuildPhase section */

/* Begin PBXGroup section */
		95A0DD3520584DB7001E6B65 = {
			isa = PBXGroup;
			children = (
				95A0DD4020584DB7001E6B65 /* accidental-iOS */,
				95A0DD3F20584DB7001E6B65 /* Products */,
				9F5D3431F12A167A1761F091 /* Pods */,
				B703E14E42F159378E3F9E9A /* Frameworks */,
			);
			sourceTree = "<group>";
		};
		95A0DD3F20584DB7001E6B65 /* Products */ = {
			isa = PBXGroup;
			children = (
				95A0DD3E20584DB7001E6B65 /* accidental-iOS.app */,
			);
			name = Products;
			sourceTree = "<group>";
		};
		95A0DD4020584DB7001E6B65 /* accidental-iOS */ = {
			isa = PBXGroup;
			children = (
				95A0DD6B2059B5A4001E6B65 /* Managers */,
				95A0DD6A2059B59A001E6B65 /* Models */,
				95A0DD6320596F61001E6B65 /* API */,
				95A0DD4120584DB7001E6B65 /* AppDelegate.swift */,
				95A0DD6620597EE6001E6B65 /* ProfileViewController.swift */,
				95A0DD4320584DB7001E6B65 /* ViewController.swift */,
				95A0DD6120587C5E001E6B65 /* LoginViewController.swift */,
				95A0DD5F20585C81001E6B65 /* SignupViewController.swift */,
				95EBCD602059DF2D00690AB2 /* Login.storyboard */,
				95A0DD4520584DB7001E6B65 /* Main.storyboard */,
				95A0DD4B20584DB7001E6B65 /* Assets.xcassets */,
				95A0DD4D20584DB7001E6B65 /* LaunchScreen.storyboard */,
				95A0DD5020584DB7001E6B65 /* Info.plist */,
				95A0DD4820584DB7001E6B65 /* accidental_iOS.xcdatamodeld */,
				95EBCD6A205A282500690AB2 /* DetailsViewController.swift */,
			);
			path = "accidental-iOS";
			sourceTree = "<group>";
		};
		95A0DD6320596F61001E6B65 /* API */ = {
			isa = PBXGroup;
			children = (
				95A0DD6420596F8F001E6B65 /* ApiManager.swift */,
			);
			path = API;
			sourceTree = "<group>";
		};
		95A0DD6A2059B59A001E6B65 /* Models */ = {
			isa = PBXGroup;
			children = (
				95A0DD6E2059B619001E6B65 /* User.swift */,
				95EBCD66205A20CE00690AB2 /* car.swift */,
			);
			path = Models;
			sourceTree = "<group>";
		};
		95A0DD6B2059B5A4001E6B65 /* Managers */ = {
			isa = PBXGroup;
			children = (
				95A0DD6C2059B5C2001E6B65 /* UserManager.swift */,
			);
			path = Managers;
			sourceTree = "<group>";
		};
		9F5D3431F12A167A1761F091 /* Pods */ = {
			isa = PBXGroup;
			children = (
				40BC7A7CDC39DF71CA2535BB /* Pods-accidental-iOS.debug.xcconfig */,
				9DB4A59A490209AA2A258A89 /* Pods-accidental-iOS.release.xcconfig */,
			);
			name = Pods;
			sourceTree = "<group>";
		};
		B703E14E42F159378E3F9E9A /* Frameworks */ = {
			isa = PBXGroup;
			children = (
				621720D983E9B0A696915F93 /* Pods_accidental_iOS.framework */,
			);
			name = Frameworks;
			sourceTree = "<group>";
		};
/* End PBXGroup section */

/* Begin PBXNativeTarget section */
		95A0DD3D20584DB7001E6B65 /* accidental-iOS */ = {
			isa = PBXNativeTarget;
			buildConfigurationList = 95A0DD5320584DB7001E6B65 /* Build configuration list for PBXNativeTarget "accidental-iOS" */;
			buildPhases = (
				927BE51C6A2539CC7C45B1C9 /* [CP] Check Pods Manifest.lock */,
				95A0DD3A20584DB7001E6B65 /* Sources */,
				95A0DD3B20584DB7001E6B65 /* Frameworks */,
				95A0DD3C20584DB7001E6B65 /* Resources */,
				9D58A037507B737893D9594F /* [CP] Embed Pods Frameworks */,
				9F8851F6BFF064CD47F8C480 /* [CP] Copy Pods Resources */,
			);
			buildRules = (
			);
			dependencies = (
			);
			name = "accidental-iOS";
			productName = "accidental-iOS";
			productReference = 95A0DD3E20584DB7001E6B65 /* accidental-iOS.app */;
			productType = "com.apple.product-type.application";
		};
/* End PBXNativeTarget section */

/* Begin PBXProject section */
		95A0DD3620584DB7001E6B65 /* Project object */ = {
			isa = PBXProject;
			attributes = {
				LastSwiftUpdateCheck = 0920;
				LastUpgradeCheck = 0920;
				ORGANIZATIONNAME = accidental;
				TargetAttributes = {
					95A0DD3D20584DB7001E6B65 = {
						CreatedOnToolsVersion = 9.2;
						ProvisioningStyle = Automatic;
					};
				};
			};
			buildConfigurationList = 95A0DD3920584DB7001E6B65 /* Build configuration list for PBXProject "accidental-iOS" */;
			compatibilityVersion = "Xcode 8.0";
			developmentRegion = en;
			hasScannedForEncodings = 0;
			knownRegions = (
				en,
				Base,
			);
			mainGroup = 95A0DD3520584DB7001E6B65;
			productRefGroup = 95A0DD3F20584DB7001E6B65 /* Products */;
			projectDirPath = "";
			projectRoot = "";
			targets = (
				95A0DD3D20584DB7001E6B65 /* accidental-iOS */,
			);
		};
/* End PBXProject section */

/* Begin PBXResourcesBuildPhase section */
		95A0DD3C20584DB7001E6B65 /* Resources */ = {
			isa = PBXResourcesBuildPhase;
			buildActionMask = 2147483647;
			files = (
				95EBCD612059DF2D00690AB2 /* Login.storyboard in Resources */,
				95A0DD4F20584DB7001E6B65 /* LaunchScreen.storyboard in Resources */,
				95A0DD4C20584DB7001E6B65 /* Assets.xcassets in Resources */,
				95A0DD4720584DB7001E6B65 /* Main.storyboard in Resources */,
			);
			runOnlyForDeploymentPostprocessing = 0;
		};
/* End PBXResourcesBuildPhase section */

/* Begin PBXShellScriptBuildPhase section */
		927BE51C6A2539CC7C45B1C9 /* [CP] Check Pods Manifest.lock */ = {
			isa = PBXShellScriptBuildPhase;
			buildActionMask = 2147483647;
			files = (
			);
			inputPaths = (
				"${PODS_PODFILE_DIR_PATH}/Podfile.lock",
				"${PODS_ROOT}/Manifest.lock",
			);
			name = "[CP] Check Pods Manifest.lock";
			outputPaths = (
				"$(DERIVED_FILE_DIR)/Pods-accidental-iOS-checkManifestLockResult.txt",
			);
			runOnlyForDeploymentPostprocessing = 0;
			shellPath = /bin/sh;
			shellScript = "diff \"${PODS_PODFILE_DIR_PATH}/Podfile.lock\" \"${PODS_ROOT}/Manifest.lock\" > /dev/null\nif [ $? != 0 ] ; then\n    # print error to STDERR\n    echo \"error: The sandbox is not in sync with the Podfile.lock. Run 'pod install' or update your CocoaPods installation.\" >&2\n    exit 1\nfi\n# This output is used by Xcode 'outputs' to avoid re-running this script phase.\necho \"SUCCESS\" > \"${SCRIPT_OUTPUT_FILE_0}\"\n";
			showEnvVarsInLog = 0;
		};
		9D58A037507B737893D9594F /* [CP] Embed Pods Frameworks */ = {
			isa = PBXShellScriptBuildPhase;
			buildActionMask = 2147483647;
			files = (
			);
			inputPaths = (
				"${SRCROOT}/Pods/Target Support Files/Pods-accidental-iOS/Pods-accidental-iOS-frameworks.sh",
				"${BUILT_PRODUCTS_DIR}/Alamofire/Alamofire.framework",
				"${BUILT_PRODUCTS_DIR}/Alamofire-SwiftyJSON/Alamofire_SwiftyJSON.framework",
				"${BUILT_PRODUCTS_DIR}/FoldingCell/FoldingCell.framework",
				"${BUILT_PRODUCTS_DIR}/Material/Material.framework",
				"${BUILT_PRODUCTS_DIR}/Motion/Motion.framework",
				"${BUILT_PRODUCTS_DIR}/SwiftyJSON/SwiftyJSON.framework",
			);
			name = "[CP] Embed Pods Frameworks";
			outputPaths = (
				"${TARGET_BUILD_DIR}/${FRAMEWORKS_FOLDER_PATH}/Alamofire.framework",
				"${TARGET_BUILD_DIR}/${FRAMEWORKS_FOLDER_PATH}/Alamofire_SwiftyJSON.framework",
				"${TARGET_BUILD_DIR}/${FRAMEWORKS_FOLDER_PATH}/FoldingCell.framework",
				"${TARGET_BUILD_DIR}/${FRAMEWORKS_FOLDER_PATH}/Material.framework",
				"${TARGET_BUILD_DIR}/${FRAMEWORKS_FOLDER_PATH}/Motion.framework",
				"${TARGET_BUILD_DIR}/${FRAMEWORKS_FOLDER_PATH}/SwiftyJSON.framework",
			);
			runOnlyForDeploymentPostprocessing = 0;
			shellPath = /bin/sh;
			shellScript = "\"${SRCROOT}/Pods/Target Support Files/Pods-accidental-iOS/Pods-accidental-iOS-frameworks.sh\"\n";
			showEnvVarsInLog = 0;
		};
		9F8851F6BFF064CD47F8C480 /* [CP] Copy Pods Resources */ = {
			isa = PBXShellScriptBuildPhase;
			buildActionMask = 2147483647;
			files = (
			);
			inputPaths = (
			);
			name = "[CP] Copy Pods Resources";
			outputPaths = (
			);
			runOnlyForDeploymentPostprocessing = 0;
			shellPath = /bin/sh;
			shellScript = "\"${SRCROOT}/Pods/Target Support Files/Pods-accidental-iOS/Pods-accidental-iOS-resources.sh\"\n";
			showEnvVarsInLog = 0;
		};
/* End PBXShellScriptBuildPhase section */

/* Begin PBXSourcesBuildPhase section */
		95A0DD3A20584DB7001E6B65 /* Sources */ = {
			isa = PBXSourcesBuildPhase;
			buildActionMask = 2147483647;
			files = (
				95A0DD4420584DB7001E6B65 /* ViewController.swift in Sources */,
				95A0DD6020585C81001E6B65 /* SignupViewController.swift in Sources */,
				95A0DD4A20584DB7001E6B65 /* accidental_iOS.xcdatamodeld in Sources */,
				95EBCD6B205A282500690AB2 /* DetailsViewController.swift in Sources */,
				95A0DD6220587C5E001E6B65 /* LoginViewController.swift in Sources */,
				95A0DD6720597EE6001E6B65 /* ProfileViewController.swift in Sources */,
				95A0DD6F2059B619001E6B65 /* User.swift in Sources */,
				95A0DD6520596F8F001E6B65 /* ApiManager.swift in Sources */,
				95A0DD6D2059B5C2001E6B65 /* UserManager.swift in Sources */,
				95EBCD67205A20CE00690AB2 /* car.swift in Sources */,
				95A0DD4220584DB7001E6B65 /* AppDelegate.swift in Sources */,
			);
			runOnlyForDeploymentPostprocessing = 0;
		};
/* End PBXSourcesBuildPhase section */

/* Begin PBXVariantGroup section */
		95A0DD4520584DB7001E6B65 /* Main.storyboard */ = {
			isa = PBXVariantGroup;
			children = (
				95A0DD4620584DB7001E6B65 /* Base */,
			);
			name = Main.storyboard;
			sourceTree = "<group>";
		};
		95A0DD4D20584DB7001E6B65 /* LaunchScreen.storyboard */ = {
			isa = PBXVariantGroup;
			children = (
				95A0DD4E20584DB7001E6B65 /* Base */,
			);
			name = LaunchScreen.storyboard;
			sourceTree = "<group>";
		};
/* End PBXVariantGroup section */

/* Begin XCBuildConfiguration section */
		95A0DD5120584DB7001E6B65 /* Debug */ = {
			isa = XCBuildConfiguration;
			buildSettings = {
				ALWAYS_SEARCH_USER_PATHS = NO;
				CLANG_ANALYZER_NONNULL = YES;
				CLANG_ANALYZER_NUMBER_OBJECT_CONVERSION = YES_AGGRESSIVE;
				CLANG_CXX_LANGUAGE_STANDARD = "gnu++14";
				CLANG_CXX_LIBRARY = "libc++";
				CLANG_ENABLE_MODULES = YES;
				CLANG_ENABLE_OBJC_ARC = YES;
				CLANG_WARN_BLOCK_CAPTURE_AUTORELEASING = YES;
				CLANG_WARN_BOOL_CONVERSION = YES;
				CLANG_WARN_COMMA = YES;
				CLANG_WARN_CONSTANT_CONVERSION = YES;
				CLANG_WARN_DIRECT_OBJC_ISA_USAGE = YES_ERROR;
				CLANG_WARN_DOCUMENTATION_COMMENTS = YES;
				CLANG_WARN_EMPTY_BODY = YES;
				CLANG_WARN_ENUM_CONVERSION = YES;
				CLANG_WARN_INFINITE_RECURSION = YES;
				CLANG_WARN_INT_CONVERSION = YES;
				CLANG_WARN_NON_LITERAL_NULL_CONVERSION = YES;
				CLANG_WARN_OBJC_LITERAL_CONVERSION = YES;
				CLANG_WARN_OBJC_ROOT_CLASS = YES_ERROR;
				CLANG_WARN_RANGE_LOOP_ANALYSIS = YES;
				CLANG_WARN_STRICT_PROTOTYPES = YES;
				CLANG_WARN_SUSPICIOUS_MOVE = YES;
				CLANG_WARN_UNGUARDED_AVAILABILITY = YES_AGGRESSIVE;
				CLANG_WARN_UNREACHABLE_CODE = YES;
				CLANG_WARN__DUPLICATE_METHOD_MATCH = YES;
				CODE_SIGN_IDENTITY = "iPhone Developer";
				COPY_PHASE_STRIP = NO;
				DEBUG_INFORMATION_FORMAT = dwarf;
				ENABLE_STRICT_OBJC_MSGSEND = YES;
				ENABLE_TESTABILITY = YES;
				GCC_C_LANGUAGE_STANDARD = gnu11;
				GCC_DYNAMIC_NO_PIC = NO;
				GCC_NO_COMMON_BLOCKS = YES;
				GCC_OPTIMIZATION_LEVEL = 0;
				GCC_PREPROCESSOR_DEFINITIONS = (
					"DEBUG=1",
					"$(inherited)",
				);
				GCC_WARN_64_TO_32_BIT_CONVERSION = YES;
				GCC_WARN_ABOUT_RETURN_TYPE = YES_ERROR;
				GCC_WARN_UNDECLARED_SELECTOR = YES;
				GCC_WARN_UNINITIALIZED_AUTOS = YES_AGGRESSIVE;
				GCC_WARN_UNUSED_FUNCTION = YES;
				GCC_WARN_UNUSED_VARIABLE = YES;
				IPHONEOS_DEPLOYMENT_TARGET = 11.2;
				MTL_ENABLE_DEBUG_INFO = YES;
				ONLY_ACTIVE_ARCH = YES;
				SDKROOT = iphoneos;
				SWIFT_ACTIVE_COMPILATION_CONDITIONS = DEBUG;
				SWIFT_OPTIMIZATION_LEVEL = "-Onone";
			};
			name = Debug;
		};
		95A0DD5220584DB7001E6B65 /* Release */ = {
			isa = XCBuildConfiguration;
			buildSettings = {
				ALWAYS_SEARCH_USER_PATHS = NO;
				CLANG_ANALYZER_NONNULL = YES;
				CLANG_ANALYZER_NUMBER_OBJECT_CONVERSION = YES_AGGRESSIVE;
				CLANG_CXX_LANGUAGE_STANDARD = "gnu++14";
				CLANG_CXX_LIBRARY = "libc++";
				CLANG_ENABLE_MODULES = YES;
				CLANG_ENABLE_OBJC_ARC = YES;
				CLANG_WARN_BLOCK_CAPTURE_AUTORELEASING = YES;
				CLANG_WARN_BOOL_CONVERSION = YES;
				CLANG_WARN_COMMA = YES;
				CLANG_WARN_CONSTANT_CONVERSION = YES;
				CLANG_WARN_DIRECT_OBJC_ISA_USAGE = YES_ERROR;
				CLANG_WARN_DOCUMENTATION_COMMENTS = YES;
				CLANG_WARN_EMPTY_BODY = YES;
				CLANG_WARN_ENUM_CONVERSION = YES;
				CLANG_WARN_INFINITE_RECURSION = YES;
				CLANG_WARN_INT_CONVERSION = YES;
				CLANG_WARN_NON_LITERAL_NULL_CONVERSION = YES;
				CLANG_WARN_OBJC_LITERAL_CONVERSION = YES;
				CLANG_WARN_OBJC_ROOT_CLASS = YES_ERROR;
				CLANG_WARN_RANGE_LOOP_ANALYSIS = YES;
				CLANG_WARN_STRICT_PROTOTYPES = YES;
				CLANG_WARN_SUSPICIOUS_MOVE = YES;
				CLANG_WARN_UNGUARDED_AVAILABILITY = YES_AGGRESSIVE;
				CLANG_WARN_UNREACHABLE_CODE = YES;
				CLANG_WARN__DUPLICATE_METHOD_MATCH = YES;
				CODE_SIGN_IDENTITY = "iPhone Developer";
				COPY_PHASE_STRIP = NO;
				DEBUG_INFORMATION_FORMAT = "dwarf-with-dsym";
				ENABLE_NS_ASSERTIONS = NO;
				ENABLE_STRICT_OBJC_MSGSEND = YES;
				GCC_C_LANGUAGE_STANDARD = gnu11;
				GCC_NO_COMMON_BLOCKS = YES;
				GCC_WARN_64_TO_32_BIT_CONVERSION = YES;
				GCC_WARN_ABOUT_RETURN_TYPE = YES_ERROR;
				GCC_WARN_UNDECLARED_SELECTOR = YES;
				GCC_WARN_UNINITIALIZED_AUTOS = YES_AGGRESSIVE;
				GCC_WARN_UNUSED_FUNCTION = YES;
				GCC_WARN_UNUSED_VARIABLE = YES;
				IPHONEOS_DEPLOYMENT_TARGET = 11.2;
				MTL_ENABLE_DEBUG_INFO = NO;
				SDKROOT = iphoneos;
				SWIFT_OPTIMIZATION_LEVEL = "-Owholemodule";
				VALIDATE_PRODUCT = YES;
			};
			name = Release;
		};
		95A0DD5420584DB7001E6B65 /* Debug */ = {
			isa = XCBuildConfiguration;
			baseConfigurationReference = 40BC7A7CDC39DF71CA2535BB /* Pods-accidental-iOS.debug.xcconfig */;
			buildSettings = {
				ASSETCATALOG_COMPILER_APPICON_NAME = AppIcon;
				CODE_SIGN_STYLE = Automatic;
				DEVELOPMENT_TEAM = W8QTYK2RLN;
				INFOPLIST_FILE = "accidental-iOS/Info.plist";
				LD_RUNPATH_SEARCH_PATHS = "$(inherited) @executable_path/Frameworks";
				PRODUCT_BUNDLE_IDENTIFIER = "com.anderslund.accidental-iOS";
				PRODUCT_NAME = "$(TARGET_NAME)";
				SWIFT_VERSION = 4.0;
				TARGETED_DEVICE_FAMILY = "1,2";
			};
			name = Debug;
		};
		95A0DD5520584DB7001E6B65 /* Release */ = {
			isa = XCBuildConfiguration;
			baseConfigurationReference = 9DB4A59A490209AA2A258A89 /* Pods-accidental-iOS.release.xcconfig */;
			buildSettings = {
				ASSETCATALOG_COMPILER_APPICON_NAME = AppIcon;
				CODE_SIGN_STYLE = Automatic;
				DEVELOPMENT_TEAM = W8QTYK2RLN;
				INFOPLIST_FILE = "accidental-iOS/Info.plist";
				LD_RUNPATH_SEARCH_PATHS = "$(inherited) @executable_path/Frameworks";
				PRODUCT_BUNDLE_IDENTIFIER = "com.anderslund.accidental-iOS";
				PRODUCT_NAME = "$(TARGET_NAME)";
				SWIFT_VERSION = 4.0;
				TARGETED_DEVICE_FAMILY = "1,2";
			};
			name = Release;
		};
/* End XCBuildConfiguration section */

/* Begin XCConfigurationList section */
		95A0DD3920584DB7001E6B65 /* Build configuration list for PBXProject "accidental-iOS" */ = {
			isa = XCConfigurationList;
			buildConfigurations = (
				95A0DD5120584DB7001E6B65 /* Debug */,
				95A0DD5220584DB7001E6B65 /* Release */,
			);
			defaultConfigurationIsVisible = 0;
			defaultConfigurationName = Release;
		};
		95A0DD5320584DB7001E6B65 /* Build configuration list for PBXNativeTarget "accidental-iOS" */ = {
			isa = XCConfigurationList;
			buildConfigurations = (
				95A0DD5420584DB7001E6B65 /* Debug */,
				95A0DD5520584DB7001E6B65 /* Release */,
			);
			defaultConfigurationIsVisible = 0;
			defaultConfigurationName = Release;
		};
/* End XCConfigurationList section */

/* Begin XCVersionGroup section */
		95A0DD4820584DB7001E6B65 /* accidental_iOS.xcdatamodeld */ = {
			isa = XCVersionGroup;
			children = (
				95A0DD4920584DB7001E6B65 /* accidental_iOS.xcdatamodel */,
			);
			currentVersion = 95A0DD4920584DB7001E6B65 /* accidental_iOS.xcdatamodel */;
			path = accidental_iOS.xcdatamodeld;
			sourceTree = "<group>";
			versionGroupType = wrapper.xcdatamodel;
		};
/* End XCVersionGroup section */
	};
	rootObject = 95A0DD3620584DB7001E6B65 /* Project object */;
}
